
Microsoft Visual Studio Solution File, Format Version 12.00
# Visual Studio Version 17
VisualStudioVersion = 17.10.35122.118
MinimumVisualStudioVersion = 10.0.40219.1
Project("{FAE04EC0-301F-11D3-BF4B-00C04F79EFBC}") = "pokemonactivity", "pokemonactivity\pokemonactivity.csproj", "{550E3CA7-CFE8-4F8D-A9EB-049F794841D7}"
EndProject
Global
	GlobalSection(SolutionConfigurationPlatforms) = preSolution
		Debug|Any CPU = Debug|Any CPU
		Release|Any CPU = Release|Any CPU
	EndGlobalSection
	GlobalSection(ProjectConfigurationPlatforms) = postSolution
		{550E3CA7-CFE8-4F8D-A9EB-049F794841D7}.Debug|Any CPU.ActiveCfg = Debug|Any CPU
		{550E3CA7-CFE8-4F8D-A9EB-049F794841D7}.Debug|Any CPU.Build.0 = Debug|Any CPU
		{550E3CA7-CFE8-4F8D-A9EB-049F794841D7}.Release|Any CPU.ActiveCfg = Release|Any CPU
		{550E3CA7-CFE8-4F8D-A9EB-049F794841D7}.Release|Any CPU.Build.0 = Release|Any CPU
	EndGlobalSection
	GlobalSection(SolutionProperties) = preSolution
		HideSolutionNode = FALSE
	EndGlobalSection
	GlobalSection(ExtensibilityGlobals) = postSolution
		SolutionGuid = {ECCDB5FC-C95E-4325-AF16-2AF1B0837608}
	EndGlobalSection
EndGlobal
